
Microsoft Visual Studio Solution File, Format Version 12.00
# Visual Studio Version 17
VisualStudioVersion = 17.7.34018.315
MinimumVisualStudioVersion = 10.0.40219.1
Project("{FAE04EC0-301F-11D3-BF4B-00C04F79EFBC}") = "DZ_7", "DZ_8\DZ_7.csproj", "{DADD8C9C-CB89-422F-B691-48018F23FDCF}"
EndProject
Project("{FAE04EC0-301F-11D3-BF4B-00C04F79EFBC}") = "DZ_7(1)", "DZ_8(1)\DZ_7(1).csproj", "{F30833C3-9547-419E-A6E8-8EA36CA7197D}"
EndProject
Global
	GlobalSection(SolutionConfigurationPlatforms) = preSolution
		Debug|Any CPU = Debug|Any CPU
		Release|Any CPU = Release|Any CPU
	EndGlobalSection
	GlobalSection(ProjectConfigurationPlatforms) = postSolution
		{DADD8C9C-CB89-422F-B691-48018F23FDCF}.Debug|Any CPU.ActiveCfg = Debug|Any CPU
		{DADD8C9C-CB89-422F-B691-48018F23FDCF}.Debug|Any CPU.Build.0 = Debug|Any CPU
		{DADD8C9C-CB89-422F-B691-48018F23FDCF}.Release|Any CPU.ActiveCfg = Release|Any CPU
		{DADD8C9C-CB89-422F-B691-48018F23FDCF}.Release|Any CPU.Build.0 = Release|Any CPU
		{F30833C3-9547-419E-A6E8-8EA36CA7197D}.Debug|Any CPU.ActiveCfg = Debug|Any CPU
		{F30833C3-9547-419E-A6E8-8EA36CA7197D}.Debug|Any CPU.Build.0 = Debug|Any CPU
		{F30833C3-9547-419E-A6E8-8EA36CA7197D}.Release|Any CPU.ActiveCfg = Release|Any CPU
		{F30833C3-9547-419E-A6E8-8EA36CA7197D}.Release|Any CPU.Build.0 = Release|Any CPU
	EndGlobalSection
	GlobalSection(SolutionProperties) = preSolution
		HideSolutionNode = FALSE
	EndGlobalSection
	GlobalSection(ExtensibilityGlobals) = postSolution
		SolutionGuid = {5912201B-D88C-4004-B579-365495118417}
	EndGlobalSection
EndGlobal
